// !$*UTF8*$!
{
	archiveVersion = 1;
	classes = {
	};
	objectVersion = 56;
	objects = {

/* Begin PBXBuildFile section */
		A43298BD2C0D6204006EF80E /* Calculation.swift in Sources */ = {isa = PBXBuildFile; fileRef = A43298BC2C0D6204006EF80E /* Calculation.swift */; };
		A43BAE382BAA161C005CBEE5 /* ClubDetailView.swift in Sources */ = {isa = PBXBuildFile; fileRef = A43BAE372BAA161C005CBEE5 /* ClubDetailView.swift */; };
		A44C330E2BE10EC300DDC2FB /* DistanceCalcView.swift in Sources */ = {isa = PBXBuildFile; fileRef = A44C330D2BE10EC300DDC2FB /* DistanceCalcView.swift */; };
		A47986282BB1FF4A009F6DB2 /* ClubCreateView.swift in Sources */ = {isa = PBXBuildFile; fileRef = A47986272BB1FF4A009F6DB2 /* ClubCreateView.swift */; };
		A481CFA12BA6458B00121B44 /* ClubUpApp.swift in Sources */ = {isa = PBXBuildFile; fileRef = A481CFA02BA6458B00121B44 /* ClubUpApp.swift */; };
		A481CFA32BA6458B00121B44 /* ClubListView.swift in Sources */ = {isa = PBXBuildFile; fileRef = A481CFA22BA6458B00121B44 /* ClubListView.swift */; };
		A481CFA52BA6458B00121B44 /* Club.swift in Sources */ = {isa = PBXBuildFile; fileRef = A481CFA42BA6458B00121B44 /* Club.swift */; };
		A481CFA72BA6458D00121B44 /* Assets.xcassets in Resources */ = {isa = PBXBuildFile; fileRef = A481CFA62BA6458D00121B44 /* Assets.xcassets */; };
		A481CFAA2BA6458D00121B44 /* Preview Assets.xcassets in Resources */ = {isa = PBXBuildFile; fileRef = A481CFA92BA6458D00121B44 /* Preview Assets.xcassets */; };
		A48A40E52C16A3F900028870 /* TextFieldLimitModifier.swift in Sources */ = {isa = PBXBuildFile; fileRef = A48A40E42C16A3F900028870 /* TextFieldLimitModifier.swift */; };
		A4916C892BFCDF5B006A721D /* LocationDataManager.swift in Sources */ = {isa = PBXBuildFile; fileRef = A4916C882BFCDF5B006A721D /* LocationDataManager.swift */; };
		A491E89D2BEC688C005DA03A /* ClubCreateViewModel.swift in Sources */ = {isa = PBXBuildFile; fileRef = A491E89C2BEC688C005DA03A /* ClubCreateViewModel.swift */; };
		A49AEAD82C0AA81C00DF9312 /* HelperMethods.swift in Sources */ = {isa = PBXBuildFile; fileRef = A49AEAD72C0AA81C00DF9312 /* HelperMethods.swift */; };
		A4AA136A2BA71D7000F3AD35 /* SpecialTypes.swift in Sources */ = {isa = PBXBuildFile; fileRef = A4AA13692BA71D7000F3AD35 /* SpecialTypes.swift */; };
		A4AF93FA2C0FDA56009EC806 /* Config.swift in Sources */ = {isa = PBXBuildFile; fileRef = A4AF93F92C0FDA56009EC806 /* Config.swift */; };
		A4B12CA12C0513F00094051F /* WeatherData.swift in Sources */ = {isa = PBXBuildFile; fileRef = A4B12CA02C0513F00094051F /* WeatherData.swift */; };
		A4B3D5BE2BA895A4001E101B /* ClubsListCellView.swift in Sources */ = {isa = PBXBuildFile; fileRef = A4B3D5BD2BA895A4001E101B /* ClubsListCellView.swift */; };
		A4C88DFD2BEC0B680063497D /* DistanceCalcViewModel.swift in Sources */ = {isa = PBXBuildFile; fileRef = A4C88DFC2BEC0B680063497D /* DistanceCalcViewModel.swift */; };
		A4D19BA62BD70E79002A0EE3 /* UserPrefs.swift in Sources */ = {isa = PBXBuildFile; fileRef = A4D19BA52BD70E79002A0EE3 /* UserPrefs.swift */; };
		A4D19BAA2BD71335002A0EE3 /* SettingsView.swift in Sources */ = {isa = PBXBuildFile; fileRef = A4D19BA92BD71335002A0EE3 /* SettingsView.swift */; };
		A4F84C192BE83B9F00C3A424 /* DistanceResultView.swift in Sources */ = {isa = PBXBuildFile; fileRef = A4F84C182BE83B9F00C3A424 /* DistanceResultView.swift */; };
/* End PBXBuildFile section */

/* Begin PBXFileReference section */
		A43298BC2C0D6204006EF80E /* Calculation.swift */ = {isa = PBXFileReference; lastKnownFileType = sourcecode.swift; path = Calculation.swift; sourceTree = "<group>"; };
		A43BAE372BAA161C005CBEE5 /* ClubDetailView.swift */ = {isa = PBXFileReference; lastKnownFileType = sourcecode.swift; path = ClubDetailView.swift; sourceTree = "<group>"; };
		A44C330C2BDFD05A00DDC2FB /* TechDebt.md */ = {isa = PBXFileReference; lastKnownFileType = net.daringfireball.markdown; path = TechDebt.md; sourceTree = "<group>"; };
		A44C330D2BE10EC300DDC2FB /* DistanceCalcView.swift */ = {isa = PBXFileReference; lastKnownFileType = sourcecode.swift; path = DistanceCalcView.swift; sourceTree = "<group>"; };
		A471C8742BC49C470033D68C /* Notes.md */ = {isa = PBXFileReference; lastKnownFileType = net.daringfireball.markdown; path = Notes.md; sourceTree = "<group>"; };
		A47986272BB1FF4A009F6DB2 /* ClubCreateView.swift */ = {isa = PBXFileReference; lastKnownFileType = sourcecode.swift; path = ClubCreateView.swift; sourceTree = "<group>"; };
		A481CF9D2BA6458B00121B44 /* ClubUp.app */ = {isa = PBXFileReference; explicitFileType = wrapper.application; includeInIndex = 0; path = ClubUp.app; sourceTree = BUILT_PRODUCTS_DIR; };
		A481CFA02BA6458B00121B44 /* ClubUpApp.swift */ = {isa = PBXFileReference; lastKnownFileType = sourcecode.swift; path = ClubUpApp.swift; sourceTree = "<group>"; };
		A481CFA22BA6458B00121B44 /* ClubListView.swift */ = {isa = PBXFileReference; lastKnownFileType = sourcecode.swift; path = ClubListView.swift; sourceTree = "<group>"; };
		A481CFA42BA6458B00121B44 /* Club.swift */ = {isa = PBXFileReference; lastKnownFileType = sourcecode.swift; path = Club.swift; sourceTree = "<group>"; };
		A481CFA62BA6458D00121B44 /* Assets.xcassets */ = {isa = PBXFileReference; lastKnownFileType = folder.assetcatalog; path = Assets.xcassets; sourceTree = "<group>"; };
		A481CFA92BA6458D00121B44 /* Preview Assets.xcassets */ = {isa = PBXFileReference; lastKnownFileType = folder.assetcatalog; path = "Preview Assets.xcassets"; sourceTree = "<group>"; };
		A48A40E42C16A3F900028870 /* TextFieldLimitModifier.swift */ = {isa = PBXFileReference; lastKnownFileType = sourcecode.swift; path = TextFieldLimitModifier.swift; sourceTree = "<group>"; };
		A4916C882BFCDF5B006A721D /* LocationDataManager.swift */ = {isa = PBXFileReference; lastKnownFileType = sourcecode.swift; path = LocationDataManager.swift; sourceTree = "<group>"; };
		A491E89C2BEC688C005DA03A /* ClubCreateViewModel.swift */ = {isa = PBXFileReference; lastKnownFileType = sourcecode.swift; path = ClubCreateViewModel.swift; sourceTree = "<group>"; };
		A49AEAD72C0AA81C00DF9312 /* HelperMethods.swift */ = {isa = PBXFileReference; lastKnownFileType = sourcecode.swift; path = HelperMethods.swift; sourceTree = "<group>"; };
		A4AA13692BA71D7000F3AD35 /* SpecialTypes.swift */ = {isa = PBXFileReference; lastKnownFileType = sourcecode.swift; path = SpecialTypes.swift; sourceTree = "<group>"; };
		A4AF93F92C0FDA56009EC806 /* Config.swift */ = {isa = PBXFileReference; lastKnownFileType = sourcecode.swift; path = Config.swift; sourceTree = "<group>"; };
		A4B12CA02C0513F00094051F /* WeatherData.swift */ = {isa = PBXFileReference; lastKnownFileType = sourcecode.swift; path = WeatherData.swift; sourceTree = "<group>"; };
		A4B3D5BD2BA895A4001E101B /* ClubsListCellView.swift */ = {isa = PBXFileReference; lastKnownFileType = sourcecode.swift; path = ClubsListCellView.swift; sourceTree = "<group>"; };
		A4C88DFC2BEC0B680063497D /* DistanceCalcViewModel.swift */ = {isa = PBXFileReference; lastKnownFileType = sourcecode.swift; path = DistanceCalcViewModel.swift; sourceTree = "<group>"; };
		A4D19BA52BD70E79002A0EE3 /* UserPrefs.swift */ = {isa = PBXFileReference; lastKnownFileType = sourcecode.swift; path = UserPrefs.swift; sourceTree = "<group>"; };
		A4D19BA92BD71335002A0EE3 /* SettingsView.swift */ = {isa = PBXFileReference; lastKnownFileType = sourcecode.swift; path = SettingsView.swift; sourceTree = "<group>"; };
		A4F84C182BE83B9F00C3A424 /* DistanceResultView.swift */ = {isa = PBXFileReference; lastKnownFileType = sourcecode.swift; path = DistanceResultView.swift; sourceTree = "<group>"; };
/* End PBXFileReference section */

/* Begin PBXFrameworksBuildPhase section */
		A481CF9A2BA6458B00121B44 /* Frameworks */ = {
			isa = PBXFrameworksBuildPhase;
			buildActionMask = 2147483647;
			files = (
			);
			runOnlyForDeploymentPostprocessing = 0;
		};
/* End PBXFrameworksBuildPhase section */

/* Begin PBXGroup section */
		A471C8732BC49BBD0033D68C /* Documentation */ = {
			isa = PBXGroup;
			children = (
				A471C8742BC49C470033D68C /* Notes.md */,
				A44C330C2BDFD05A00DDC2FB /* TechDebt.md */,
			);
			path = Documentation;
			sourceTree = "<group>";
		};
		A481CF942BA6458B00121B44 = {
			isa = PBXGroup;
			children = (
				A481CF9F2BA6458B00121B44 /* ClubUp */,
				A481CF9E2BA6458B00121B44 /* Products */,
			);
			sourceTree = "<group>";
		};
		A481CF9E2BA6458B00121B44 /* Products */ = {
			isa = PBXGroup;
			children = (
				A481CF9D2BA6458B00121B44 /* ClubUp.app */,
			);
			name = Products;
			sourceTree = "<group>";
		};
		A481CF9F2BA6458B00121B44 /* ClubUp */ = {
			isa = PBXGroup;
			children = (
				A49AEAD62C0AA7F100DF9312 /* Utility */,
				A471C8732BC49BBD0033D68C /* Documentation */,
				A481CFA02BA6458B00121B44 /* ClubUpApp.swift */,
				A4916C872BFCDF43006A721D /* Manager */,
				A4C6D7B12BB9DA3100DEF7E8 /* View */,
				A4C88DFB2BEC0B450063497D /* ViewModel */,
				A4C6D7AF2BB9D9C200DEF7E8 /* Model */,
				A481CFA62BA6458D00121B44 /* Assets.xcassets */,
				A481CFA82BA6458D00121B44 /* Preview Content */,
			);
			path = ClubUp;
			sourceTree = "<group>";
		};
		A481CFA82BA6458D00121B44 /* Preview Content */ = {
			isa = PBXGroup;
			children = (
				A481CFA92BA6458D00121B44 /* Preview Assets.xcassets */,
			);
			path = "Preview Content";
			sourceTree = "<group>";
		};
		A4916C872BFCDF43006A721D /* Manager */ = {
			isa = PBXGroup;
			children = (
				A4916C882BFCDF5B006A721D /* LocationDataManager.swift */,
			);
			path = Manager;
			sourceTree = "<group>";
		};
		A49AEAD62C0AA7F100DF9312 /* Utility */ = {
			isa = PBXGroup;
			children = (
				A49AEAD72C0AA81C00DF9312 /* HelperMethods.swift */,
				A4AF93F92C0FDA56009EC806 /* Config.swift */,
				A48A40E42C16A3F900028870 /* TextFieldLimitModifier.swift */,
			);
			path = Utility;
			sourceTree = "<group>";
		};
		A4C6D7AF2BB9D9C200DEF7E8 /* Model */ = {
			isa = PBXGroup;
			children = (
				A4B12CA02C0513F00094051F /* WeatherData.swift */,
				A4AA13692BA71D7000F3AD35 /* SpecialTypes.swift */,
				A481CFA42BA6458B00121B44 /* Club.swift */,
				A4D19BA52BD70E79002A0EE3 /* UserPrefs.swift */,
				A43298BC2C0D6204006EF80E /* Calculation.swift */,
			);
			path = Model;
			sourceTree = "<group>";
		};
		A4C6D7B12BB9DA3100DEF7E8 /* View */ = {
			isa = PBXGroup;
			children = (
				A481CFA22BA6458B00121B44 /* ClubListView.swift */,
				A4B3D5BD2BA895A4001E101B /* ClubsListCellView.swift */,
				A43BAE372BAA161C005CBEE5 /* ClubDetailView.swift */,
				A47986272BB1FF4A009F6DB2 /* ClubCreateView.swift */,
				A4D19BA92BD71335002A0EE3 /* SettingsView.swift */,
				A44C330D2BE10EC300DDC2FB /* DistanceCalcView.swift */,
				A4F84C182BE83B9F00C3A424 /* DistanceResultView.swift */,
			);
			path = View;
			sourceTree = "<group>";
		};
		A4C88DFB2BEC0B450063497D /* ViewModel */ = {
			isa = PBXGroup;
			children = (
				A4C88DFC2BEC0B680063497D /* DistanceCalcViewModel.swift */,
				A491E89C2BEC688C005DA03A /* ClubCreateViewModel.swift */,
			);
			path = ViewModel;
			sourceTree = "<group>";
		};
/* End PBXGroup section */

/* Begin PBXNativeTarget section */
		A481CF9C2BA6458B00121B44 /* ClubUp */ = {
			isa = PBXNativeTarget;
			buildConfigurationList = A481CFAD2BA6458D00121B44 /* Build configuration list for PBXNativeTarget "ClubUp" */;
			buildPhases = (
				A481CF992BA6458B00121B44 /* Sources */,
				A481CF9A2BA6458B00121B44 /* Frameworks */,
				A481CF9B2BA6458B00121B44 /* Resources */,
			);
			buildRules = (
			);
			dependencies = (
			);
			name = ClubUp;
			productName = ClubUp;
			productReference = A481CF9D2BA6458B00121B44 /* ClubUp.app */;
			productType = "com.apple.product-type.application";
		};
/* End PBXNativeTarget section */

/* Begin PBXProject section */
		A481CF952BA6458B00121B44 /* Project object */ = {
			isa = PBXProject;
			attributes = {
				BuildIndependentTargetsInParallel = 1;
				LastSwiftUpdateCheck = 1520;
				LastUpgradeCheck = 1520;
				TargetAttributes = {
					A481CF9C2BA6458B00121B44 = {
						CreatedOnToolsVersion = 15.2;
					};
				};
			};
			buildConfigurationList = A481CF982BA6458B00121B44 /* Build configuration list for PBXProject "ClubUp" */;
			compatibilityVersion = "Xcode 14.0";
			developmentRegion = en;
			hasScannedForEncodings = 0;
			knownRegions = (
				en,
				Base,
			);
			mainGroup = A481CF942BA6458B00121B44;
			productRefGroup = A481CF9E2BA6458B00121B44 /* Products */;
			projectDirPath = "";
			projectRoot = "";
			targets = (
				A481CF9C2BA6458B00121B44 /* ClubUp */,
			);
		};
/* End PBXProject section */

/* Begin PBXResourcesBuildPhase section */
		A481CF9B2BA6458B00121B44 /* Resources */ = {
			isa = PBXResourcesBuildPhase;
			buildActionMask = 2147483647;
			files = (
				A481CFAA2BA6458D00121B44 /* Preview Assets.xcassets in Resources */,
				A481CFA72BA6458D00121B44 /* Assets.xcassets in Resources */,
			);
			runOnlyForDeploymentPostprocessing = 0;
		};
/* End PBXResourcesBuildPhase section */

/* Begin PBXSourcesBuildPhase section */
		A481CF992BA6458B00121B44 /* Sources */ = {
			isa = PBXSourcesBuildPhase;
			buildActionMask = 2147483647;
			files = (
				A4916C892BFCDF5B006A721D /* LocationDataManager.swift in Sources */,
				A4B12CA12C0513F00094051F /* WeatherData.swift in Sources */,
				A49AEAD82C0AA81C00DF9312 /* HelperMethods.swift in Sources */,
				A4B3D5BE2BA895A4001E101B /* ClubsListCellView.swift in Sources */,
				A43BAE382BAA161C005CBEE5 /* ClubDetailView.swift in Sources */,
				A4D19BA62BD70E79002A0EE3 /* UserPrefs.swift in Sources */,
				A4D19BAA2BD71335002A0EE3 /* SettingsView.swift in Sources */,
				A481CFA32BA6458B00121B44 /* ClubListView.swift in Sources */,
				A481CFA52BA6458B00121B44 /* Club.swift in Sources */,
				A48A40E52C16A3F900028870 /* TextFieldLimitModifier.swift in Sources */,
				A44C330E2BE10EC300DDC2FB /* DistanceCalcView.swift in Sources */,
				A491E89D2BEC688C005DA03A /* ClubCreateViewModel.swift in Sources */,
				A4AF93FA2C0FDA56009EC806 /* Config.swift in Sources */,
				A481CFA12BA6458B00121B44 /* ClubUpApp.swift in Sources */,
				A43298BD2C0D6204006EF80E /* Calculation.swift in Sources */,
				A4C88DFD2BEC0B680063497D /* DistanceCalcViewModel.swift in Sources */,
				A4F84C192BE83B9F00C3A424 /* DistanceResultView.swift in Sources */,
				A4AA136A2BA71D7000F3AD35 /* SpecialTypes.swift in Sources */,
				A47986282BB1FF4A009F6DB2 /* ClubCreateView.swift in Sources */,
			);
			runOnlyForDeploymentPostprocessing = 0;
		};
/* End PBXSourcesBuildPhase section */

/* Begin XCBuildConfiguration section */
		A481CFAB2BA6458D00121B44 /* Debug */ = {
			isa = XCBuildConfiguration;
			buildSettings = {
				ALWAYS_SEARCH_USER_PATHS = NO;
				ASSETCATALOG_COMPILER_GENERATE_SWIFT_ASSET_SYMBOL_EXTENSIONS = YES;
				CLANG_ANALYZER_NONNULL = YES;
				CLANG_ANALYZER_NUMBER_OBJECT_CONVERSION = YES_AGGRESSIVE;
				CLANG_CXX_LANGUAGE_STANDARD = "gnu++20";
				CLANG_ENABLE_MODULES = YES;
				CLANG_ENABLE_OBJC_ARC = YES;
				CLANG_ENABLE_OBJC_WEAK = YES;
				CLANG_WARN_BLOCK_CAPTURE_AUTORELEASING = YES;
				CLANG_WARN_BOOL_CONVERSION = YES;
				CLANG_WARN_COMMA = YES;
				CLANG_WARN_CONSTANT_CONVERSION = YES;
				CLANG_WARN_DEPRECATED_OBJC_IMPLEMENTATIONS = YES;
				CLANG_WARN_DIRECT_OBJC_ISA_USAGE = YES_ERROR;
				CLANG_WARN_DOCUMENTATION_COMMENTS = YES;
				CLANG_WARN_EMPTY_BODY = YES;
				CLANG_WARN_ENUM_CONVERSION = YES;
				CLANG_WARN_INFINITE_RECURSION = YES;
				CLANG_WARN_INT_CONVERSION = YES;
				CLANG_WARN_NON_LITERAL_NULL_CONVERSION = YES;
				CLANG_WARN_OBJC_IMPLICIT_RETAIN_SELF = YES;
				CLANG_WARN_OBJC_LITERAL_CONVERSION = YES;
				CLANG_WARN_OBJC_ROOT_CLASS = YES_ERROR;
				CLANG_WARN_QUOTED_INCLUDE_IN_FRAMEWORK_HEADER = YES;
				CLANG_WARN_RANGE_LOOP_ANALYSIS = YES;
				CLANG_WARN_STRICT_PROTOTYPES = YES;
				CLANG_WARN_SUSPICIOUS_MOVE = YES;
				CLANG_WARN_UNGUARDED_AVAILABILITY = YES_AGGRESSIVE;
				CLANG_WARN_UNREACHABLE_CODE = YES;
				CLANG_WARN__DUPLICATE_METHOD_MATCH = YES;
				COPY_PHASE_STRIP = NO;
				DEBUG_INFORMATION_FORMAT = dwarf;
				ENABLE_STRICT_OBJC_MSGSEND = YES;
				ENABLE_TESTABILITY = YES;
				ENABLE_USER_SCRIPT_SANDBOXING = YES;
				GCC_C_LANGUAGE_STANDARD = gnu17;
				GCC_DYNAMIC_NO_PIC = NO;
				GCC_NO_COMMON_BLOCKS = YES;
				GCC_OPTIMIZATION_LEVEL = 0;
				GCC_PREPROCESSOR_DEFINITIONS = (
					"DEBUG=1",
					"$(inherited)",
				);
				GCC_WARN_64_TO_32_BIT_CONVERSION = YES;
				GCC_WARN_ABOUT_RETURN_TYPE = YES_ERROR;
				GCC_WARN_UNDECLARED_SELECTOR = YES;
				GCC_WARN_UNINITIALIZED_AUTOS = YES_AGGRESSIVE;
				GCC_WARN_UNUSED_FUNCTION = YES;
				GCC_WARN_UNUSED_VARIABLE = YES;
				IPHONEOS_DEPLOYMENT_TARGET = 17.2;
				LOCALIZATION_PREFERS_STRING_CATALOGS = YES;
				MTL_ENABLE_DEBUG_INFO = INCLUDE_SOURCE;
				MTL_FAST_MATH = YES;
				ONLY_ACTIVE_ARCH = YES;
				SDKROOT = iphoneos;
				SWIFT_ACTIVE_COMPILATION_CONDITIONS = "DEBUG $(inherited)";
				SWIFT_OPTIMIZATION_LEVEL = "-Onone";
			};
			name = Debug;
		};
		A481CFAC2BA6458D00121B44 /* Release */ = {
			isa = XCBuildConfiguration;
			buildSettings = {
				ALWAYS_SEARCH_USER_PATHS = NO;
				ASSETCATALOG_COMPILER_GENERATE_SWIFT_ASSET_SYMBOL_EXTENSIONS = YES;
				CLANG_ANALYZER_NONNULL = YES;
				CLANG_ANALYZER_NUMBER_OBJECT_CONVERSION = YES_AGGRESSIVE;
				CLANG_CXX_LANGUAGE_STANDARD = "gnu++20";
				CLANG_ENABLE_MODULES = YES;
				CLANG_ENABLE_OBJC_ARC = YES;
				CLANG_ENABLE_OBJC_WEAK = YES;
				CLANG_WARN_BLOCK_CAPTURE_AUTORELEASING = YES;
				CLANG_WARN_BOOL_CONVERSION = YES;
				CLANG_WARN_COMMA = YES;
				CLANG_WARN_CONSTANT_CONVERSION = YES;
				CLANG_WARN_DEPRECATED_OBJC_IMPLEMENTATIONS = YES;
				CLANG_WARN_DIRECT_OBJC_ISA_USAGE = YES_ERROR;
				CLANG_WARN_DOCUMENTATION_COMMENTS = YES;
				CLANG_WARN_EMPTY_BODY = YES;
				CLANG_WARN_ENUM_CONVERSION = YES;
				CLANG_WARN_INFINITE_RECURSION = YES;
				CLANG_WARN_INT_CONVERSION = YES;
				CLANG_WARN_NON_LITERAL_NULL_CONVERSION = YES;
				CLANG_WARN_OBJC_IMPLICIT_RETAIN_SELF = YES;
				CLANG_WARN_OBJC_LITERAL_CONVERSION = YES;
				CLANG_WARN_OBJC_ROOT_CLASS = YES_ERROR;
				CLANG_WARN_QUOTED_INCLUDE_IN_FRAMEWORK_HEADER = YES;
				CLANG_WARN_RANGE_LOOP_ANALYSIS = YES;
				CLANG_WARN_STRICT_PROTOTYPES = YES;
				CLANG_WARN_SUSPICIOUS_MOVE = YES;
				CLANG_WARN_UNGUARDED_AVAILABILITY = YES_AGGRESSIVE;
				CLANG_WARN_UNREACHABLE_CODE = YES;
				CLANG_WARN__DUPLICATE_METHOD_MATCH = YES;
				COPY_PHASE_STRIP = NO;
				DEBUG_INFORMATION_FORMAT = "dwarf-with-dsym";
				ENABLE_NS_ASSERTIONS = NO;
				ENABLE_STRICT_OBJC_MSGSEND = YES;
				ENABLE_USER_SCRIPT_SANDBOXING = YES;
				GCC_C_LANGUAGE_STANDARD = gnu17;
				GCC_NO_COMMON_BLOCKS = YES;
				GCC_WARN_64_TO_32_BIT_CONVERSION = YES;
				GCC_WARN_ABOUT_RETURN_TYPE = YES_ERROR;
				GCC_WARN_UNDECLARED_SELECTOR = YES;
				GCC_WARN_UNINITIALIZED_AUTOS = YES_AGGRESSIVE;
				GCC_WARN_UNUSED_FUNCTION = YES;
				GCC_WARN_UNUSED_VARIABLE = YES;
				IPHONEOS_DEPLOYMENT_TARGET = 17.2;
				LOCALIZATION_PREFERS_STRING_CATALOGS = YES;
				MTL_ENABLE_DEBUG_INFO = NO;
				MTL_FAST_MATH = YES;
				SDKROOT = iphoneos;
				SWIFT_COMPILATION_MODE = wholemodule;
				VALIDATE_PRODUCT = YES;
			};
			name = Release;
		};
		A481CFAE2BA6458D00121B44 /* Debug */ = {
			isa = XCBuildConfiguration;
			buildSettings = {
				ASSETCATALOG_COMPILER_APPICON_NAME = AppIcon;
				ASSETCATALOG_COMPILER_GLOBAL_ACCENT_COLOR_NAME = AccentColor;
				CODE_SIGN_STYLE = Automatic;
				CURRENT_PROJECT_VERSION = 1;
				DEVELOPMENT_ASSET_PATHS = "\"ClubUp/Preview Content\"";
				DEVELOPMENT_TEAM = P4S97U2LLW;
				ENABLE_PREVIEWS = YES;
				GENERATE_INFOPLIST_FILE = YES;
				INFOPLIST_KEY_NSLocationAlwaysUsageDescription = "Your location is required to get current altitude and weather";
				INFOPLIST_KEY_NSLocationWhenInUseUsageDescription = "Your location is required to get current altitude and weather";
				INFOPLIST_KEY_UIApplicationSceneManifest_Generation = YES;
				INFOPLIST_KEY_UIApplicationSupportsIndirectInputEvents = YES;
				INFOPLIST_KEY_UILaunchScreen_Generation = YES;
				INFOPLIST_KEY_UISupportedInterfaceOrientations_iPad = "UIInterfaceOrientationPortrait UIInterfaceOrientationPortraitUpsideDown UIInterfaceOrientationLandscapeLeft UIInterfaceOrientationLandscapeRight";
				INFOPLIST_KEY_UISupportedInterfaceOrientations_iPhone = "UIInterfaceOrientationPortrait UIInterfaceOrientationLandscapeLeft UIInterfaceOrientationLandscapeRight";
				LD_RUNPATH_SEARCH_PATHS = (
					"$(inherited)",
					"@executable_path/Frameworks",
				);
				MARKETING_VERSION = 1.0;
				PRODUCT_BUNDLE_IDENTIFIER = "com.Phillip-Tracy.ClubUp";
				PRODUCT_NAME = "$(TARGET_NAME)";
				SWIFT_EMIT_LOC_STRINGS = YES;
				SWIFT_VERSION = 5.0;
				TARGETED_DEVICE_FAMILY = "1,2";
			};
			name = Debug;
		};
		A481CFAF2BA6458D00121B44 /* Release */ = {
			isa = XCBuildConfiguration;
			buildSettings = {
				ASSETCATALOG_COMPILER_APPICON_NAME = AppIcon;
				ASSETCATALOG_COMPILER_GLOBAL_ACCENT_COLOR_NAME = AccentColor;
				CODE_SIGN_STYLE = Automatic;
				CURRENT_PROJECT_VERSION = 1;
				DEVELOPMENT_ASSET_PATHS = "\"ClubUp/Preview Content\"";
				DEVELOPMENT_TEAM = P4S97U2LLW;
				ENABLE_PREVIEWS = YES;
				GENERATE_INFOPLIST_FILE = YES;
				INFOPLIST_KEY_NSLocationAlwaysUsageDescription = "Your location is required to get current altitude and weather";
				INFOPLIST_KEY_NSLocationWhenInUseUsageDescription = "Your location is required to get current altitude and weather";
				INFOPLIST_KEY_UIApplicationSceneManifest_Generation = YES;
				INFOPLIST_KEY_UIApplicationSupportsIndirectInputEvents = YES;
				INFOPLIST_KEY_UILaunchScreen_Generation = YES;
				INFOPLIST_KEY_UISupportedInterfaceOrientations_iPad = "UIInterfaceOrientationPortrait UIInterfaceOrientationPortraitUpsideDown UIInterfaceOrientationLandscapeLeft UIInterfaceOrientationLandscapeRight";
				INFOPLIST_KEY_UISupportedInterfaceOrientations_iPhone = "UIInterfaceOrientationPortrait UIInterfaceOrientationLandscapeLeft UIInterfaceOrientationLandscapeRight";
				LD_RUNPATH_SEARCH_PATHS = (
					"$(inherited)",
					"@executable_path/Frameworks",
				);
				MARKETING_VERSION = 1.0;
				PRODUCT_BUNDLE_IDENTIFIER = "com.Phillip-Tracy.ClubUp";
				PRODUCT_NAME = "$(TARGET_NAME)";
				SWIFT_EMIT_LOC_STRINGS = YES;
				SWIFT_VERSION = 5.0;
				TARGETED_DEVICE_FAMILY = "1,2";
			};
			name = Release;
		};
/* End XCBuildConfiguration section */

/* Begin XCConfigurationList section */
		A481CF982BA6458B00121B44 /* Build configuration list for PBXProject "ClubUp" */ = {
			isa = XCConfigurationList;
			buildConfigurations = (
				A481CFAB2BA6458D00121B44 /* Debug */,
				A481CFAC2BA6458D00121B44 /* Release */,
			);
			defaultConfigurationIsVisible = 0;
			defaultConfigurationName = Release;
		};
		A481CFAD2BA6458D00121B44 /* Build configuration list for PBXNativeTarget "ClubUp" */ = {
			isa = XCConfigurationList;
			buildConfigurations = (
				A481CFAE2BA6458D00121B44 /* Debug */,
				A481CFAF2BA6458D00121B44 /* Release */,
			);
			defaultConfigurationIsVisible = 0;
			defaultConfigurationName = Release;
		};
/* End XCConfigurationList section */
	};
	rootObject = A481CF952BA6458B00121B44 /* Project object */;
}
